
Microsoft Visual Studio Solution File, Format Version 12.00
# Visual Studio Version 16
VisualStudioVersion = 16.0.31729.503
MinimumVisualStudioVersion = 10.0.40219.1
Project("{9A19103F-16F7-4668-BE54-9A1E7A4F7556}") = "OOPCourse.Main", "OOPCourse.Main\OOPCourse.Main.csproj", "{2A29C47E-3FBF-4270-A282-6B519848A0F6}"
EndProject
Project("{9A19103F-16F7-4668-BE54-9A1E7A4F7556}") = "OOPCourse.Tests", "OOPCourse.Tests\OOPCourse.Tests.csproj", "{2899169E-3F75-4A49-BD78-B46EBD384080}"
EndProject
Project("{9A19103F-16F7-4668-BE54-9A1E7A4F7556}") = "OOPCourse.Domain", "OOPCourse.Domain\OOPCourse.Domain.csproj", "{CF1630B7-5397-4EE9-A4C3-C8224F53D1CD}"
EndProject
Global
	GlobalSection(SolutionConfigurationPlatforms) = preSolution
		Debug|Any CPU = Debug|Any CPU
		Release|Any CPU = Release|Any CPU
	EndGlobalSection
	GlobalSection(ProjectConfigurationPlatforms) = postSolution
		{2A29C47E-3FBF-4270-A282-6B519848A0F6}.Debug|Any CPU.ActiveCfg = Debug|Any CPU
		{2A29C47E-3FBF-4270-A282-6B519848A0F6}.Debug|Any CPU.Build.0 = Debug|Any CPU
		{2A29C47E-3FBF-4270-A282-6B519848A0F6}.Release|Any CPU.ActiveCfg = Release|Any CPU
		{2A29C47E-3FBF-4270-A282-6B519848A0F6}.Release|Any CPU.Build.0 = Release|Any CPU
		{2899169E-3F75-4A49-BD78-B46EBD384080}.Debug|Any CPU.ActiveCfg = Debug|Any CPU
		{2899169E-3F75-4A49-BD78-B46EBD384080}.Debug|Any CPU.Build.0 = Debug|Any CPU
		{2899169E-3F75-4A49-BD78-B46EBD384080}.Release|Any CPU.ActiveCfg = Release|Any CPU
		{2899169E-3F75-4A49-BD78-B46EBD384080}.Release|Any CPU.Build.0 = Release|Any CPU
		{CF1630B7-5397-4EE9-A4C3-C8224F53D1CD}.Debug|Any CPU.ActiveCfg = Debug|Any CPU
		{CF1630B7-5397-4EE9-A4C3-C8224F53D1CD}.Debug|Any CPU.Build.0 = Debug|Any CPU
		{CF1630B7-5397-4EE9-A4C3-C8224F53D1CD}.Release|Any CPU.ActiveCfg = Release|Any CPU
		{CF1630B7-5397-4EE9-A4C3-C8224F53D1CD}.Release|Any CPU.Build.0 = Release|Any CPU
	EndGlobalSection
	GlobalSection(SolutionProperties) = preSolution
		HideSolutionNode = FALSE
	EndGlobalSection
	GlobalSection(ExtensibilityGlobals) = postSolution
		SolutionGuid = {7EBE2DF8-7D50-4C77-8992-690F527EE703}
	EndGlobalSection
EndGlobal
